
Microsoft Visual Studio Solution File, Format Version 12.00
# Visual Studio Version 16
VisualStudioVersion = 16.0.34301.259
MinimumVisualStudioVersion = 10.0.40219.1
Project("{FAE04EC0-301F-11D3-BF4B-00C04F79EFBC}") = "StopWatch Timer", "CountDown Timer\StopWatch Timer.csproj", "{5AA03766-17FA-449D-ADFA-B451697E1A99}"
EndProject
Global
	GlobalSection(SolutionConfigurationPlatforms) = preSolution
		Debug|Any CPU = Debug|Any CPU
		Release|Any CPU = Release|Any CPU
	EndGlobalSection
	GlobalSection(ProjectConfigurationPlatforms) = postSolution
		{5AA03766-17FA-449D-ADFA-B451697E1A99}.Debug|Any CPU.ActiveCfg = Debug|Any CPU
		{5AA03766-17FA-449D-ADFA-B451697E1A99}.Debug|Any CPU.Build.0 = Debug|Any CPU
		{5AA03766-17FA-449D-ADFA-B451697E1A99}.Release|Any CPU.ActiveCfg = Release|Any CPU
		{5AA03766-17FA-449D-ADFA-B451697E1A99}.Release|Any CPU.Build.0 = Release|Any CPU
	EndGlobalSection
	GlobalSection(SolutionProperties) = preSolution
		HideSolutionNode = FALSE
	EndGlobalSection
	GlobalSection(ExtensibilityGlobals) = postSolution
		SolutionGuid = {30F0FA2B-2441-46B2-90F4-69EB94DFE11B}
	EndGlobalSection
EndGlobal
